// !$*UTF8*$!
{
	archiveVersion = 1;
	classes = {
	};
	objectVersion = 46;
	objects = {

/* Begin PBXBuildFile section */
		3C02878018D04450000C55B3 /* UMSocialLocalizable.strings in Resources */ = {isa = PBXBuildFile; fileRef = 3C02876518D04450000C55B3 /* UMSocialLocalizable.strings */; };
		3C02878118D04450000C55B3 /* libUMSocial_Sdk_3.3.5.a in Frameworks */ = {isa = PBXBuildFile; fileRef = 3C02877318D04450000C55B3 /* libUMSocial_Sdk_3.3.5.a */; };
		3C02878218D04450000C55B3 /* libUMSocial_Sdk_Comment_3.3.5.a in Frameworks */ = {isa = PBXBuildFile; fileRef = 3C02877418D04450000C55B3 /* libUMSocial_Sdk_Comment_3.3.5.a */; };
		3C02878318D04450000C55B3 /* UMSCommentDetailController.xib in Resources */ = {isa = PBXBuildFile; fileRef = 3C02877618D04450000C55B3 /* UMSCommentDetailController.xib */; };
		3C02878418D04450000C55B3 /* UMSCommentInputController.xib in Resources */ = {isa = PBXBuildFile; fileRef = 3C02877718D04450000C55B3 /* UMSCommentInputController.xib */; };
		3C02878518D04450000C55B3 /* UMSCommentInputControlleriPad.xib in Resources */ = {isa = PBXBuildFile; fileRef = 3C02877818D04450000C55B3 /* UMSCommentInputControlleriPad.xib */; };
		3C02878618D04450000C55B3 /* UMShareEditViewController.xib in Resources */ = {isa = PBXBuildFile; fileRef = 3C02877918D04450000C55B3 /* UMShareEditViewController.xib */; };
		3C02878718D04450000C55B3 /* UMShareEditViewControlleriPad.xib in Resources */ = {isa = PBXBuildFile; fileRef = 3C02877A18D04450000C55B3 /* UMShareEditViewControlleriPad.xib */; };
		3C02878818D04450000C55B3 /* UMSLoginViewController.xib in Resources */ = {isa = PBXBuildFile; fileRef = 3C02877B18D04450000C55B3 /* UMSLoginViewController.xib */; };
		3C02878918D04450000C55B3 /* UMSnsAccountViewController.xib in Resources */ = {isa = PBXBuildFile; fileRef = 3C02877C18D04450000C55B3 /* UMSnsAccountViewController.xib */; };
		3C02878A18D04450000C55B3 /* UMSShareListController.xib in Resources */ = {isa = PBXBuildFile; fileRef = 3C02877D18D04450000C55B3 /* UMSShareListController.xib */; };
		3C02878B18D04450000C55B3 /* UMSocialSDKResourcesNew.bundle in Resources */ = {isa = PBXBuildFile; fileRef = 3C02877E18D04450000C55B3 /* UMSocialSDKResourcesNew.bundle */; };
		3C0287B518D0471A000C55B3 /* TencentOpenApi_IOS_Bundle.bundle in Resources */ = {isa = PBXBuildFile; fileRef = 3C02879F18D0471A000C55B3 /* TencentOpenApi_IOS_Bundle.bundle */; };
		3C0287B718D0471A000C55B3 /* ios-social-sdk-shake.html in Resources */ = {isa = PBXBuildFile; fileRef = 3C0287A418D0471A000C55B3 /* ios-social-sdk-shake.html */; };
		3C0287B818D0471A000C55B3 /* libUMSocial_Sdk_ScreenShot_1.0.a in Frameworks */ = {isa = PBXBuildFile; fileRef = 3C0287A518D0471A000C55B3 /* libUMSocial_Sdk_ScreenShot_1.0.a */; };
		3C0287B918D0471A000C55B3 /* ios-social-sdk-shake.html in Resources */ = {isa = PBXBuildFile; fileRef = 3C0287A818D0471A000C55B3 /* ios-social-sdk-shake.html */; };
		3C0287BD18D04908000C55B3 /* libSocialWechat.a in Frameworks */ = {isa = PBXBuildFile; fileRef = 3C0287AC18D0471A000C55B3 /* libSocialWechat.a */; };
		3C0287D418D06D4D000C55B3 /* UMSocialSDKResourcesNew.bundle in Copy Files */ = {isa = PBXBuildFile; fileRef = 3C02877E18D04450000C55B3 /* UMSocialSDKResourcesNew.bundle */; };
		3C70DD7E179C2C6900BDFCEC /* CoreGraphics.framework in Frameworks */ = {isa = PBXBuildFile; fileRef = 3C70DD7C179C2C5D00BDFCEC /* CoreGraphics.framework */; };
		3C70DD7F179C2C6900BDFCEC /* UIKit.framework in Frameworks */ = {isa = PBXBuildFile; fileRef = 3C70DD7A179C2C5700BDFCEC /* UIKit.framework */; };
		3C70DD80179C2C6900BDFCEC /* CoreLocation.framework in Frameworks */ = {isa = PBXBuildFile; fileRef = 3C70DD78179C2C5100BDFCEC /* CoreLocation.framework */; };
		3C70DD81179C2C6900BDFCEC /* MapKit.framework in Frameworks */ = {isa = PBXBuildFile; fileRef = 3C70DD76179C2C4900BDFCEC /* MapKit.framework */; };
		3C70DD82179C2C6900BDFCEC /* MessageUI.framework in Frameworks */ = {isa = PBXBuildFile; fileRef = 3C70DD74179C2C4100BDFCEC /* MessageUI.framework */; };
		3C7AE6091797E4E10073E93E /* UMSocial.m in Sources */ = {isa = PBXBuildFile; fileRef = 3C7AE6081797E4E10073E93E /* UMSocial.m */; };
		3C7AE6591797EA9A0073E93E /* SocialControler.m in Sources */ = {isa = PBXBuildFile; fileRef = 3C7AE6571797EA9A0073E93E /* SocialControler.m */; };
		3C7AE6E51797FC590073E93E /* UMSocialBarViewController.xib in Resources */ = {isa = PBXBuildFile; fileRef = 3C7AE65D1797EAC00073E93E /* UMSocialBarViewController.xib */; };
		3C7AE6E61797FC590073E93E /* UMSocialLoginViewController.xib in Resources */ = {isa = PBXBuildFile; fileRef = 3C7AE6601797EAC00073E93E /* UMSocialLoginViewController.xib */; };
		3C7AE6E71797FC590073E93E /* UMSocialSnsViewController.xib in Resources */ = {isa = PBXBuildFile; fileRef = 3C7AE6631797EAC00073E93E /* UMSocialSnsViewController.xib */; };
		3C8A044818D01002003AB72C /* Login.m in Sources */ = {isa = PBXBuildFile; fileRef = 3C8A044718D01002003AB72C /* Login.m */; };
		3CF888E2179C2D5D008E4250 /* UMSCommentDetailController.nib in Copy Files */ = {isa = PBXBuildFile; fileRef = 3CF888D7179C2D5D008E4250 /* UMSCommentDetailController.nib */; };
		3CF888E3179C2D5D008E4250 /* UMSCommentInputController.nib in Copy Files */ = {isa = PBXBuildFile; fileRef = 3CF888D8179C2D5D008E4250 /* UMSCommentInputController.nib */; };
		3CF888E4179C2D5D008E4250 /* UMSCommentInputControlleriPad.nib in Copy Files */ = {isa = PBXBuildFile; fileRef = 3CF888D9179C2D5D008E4250 /* UMSCommentInputControlleriPad.nib */; };
		3CF888E5179C2D5D008E4250 /* UMShareEditViewController.nib in Copy Files */ = {isa = PBXBuildFile; fileRef = 3CF888DA179C2D5D008E4250 /* UMShareEditViewController.nib */; };
		3CF888E6179C2D5D008E4250 /* UMShareEditViewControlleriPad.nib in Copy Files */ = {isa = PBXBuildFile; fileRef = 3CF888DB179C2D5D008E4250 /* UMShareEditViewControlleriPad.nib */; };
		3CF888E7179C2D5D008E4250 /* UMSLoginViewController.nib in Copy Files */ = {isa = PBXBuildFile; fileRef = 3CF888DC179C2D5D008E4250 /* UMSLoginViewController.nib */; };
		3CF888E8179C2D5D008E4250 /* UMSnsAccountViewController.nib in Copy Files */ = {isa = PBXBuildFile; fileRef = 3CF888DD179C2D5D008E4250 /* UMSnsAccountViewController.nib */; };
		3CF888E9179C2D5D008E4250 /* UMSocialBarViewController.nib in Copy Files */ = {isa = PBXBuildFile; fileRef = 3CF888DE179C2D5D008E4250 /* UMSocialBarViewController.nib */; };
		3CF888EA179C2D5D008E4250 /* UMSocialLoginViewController.nib in Copy Files */ = {isa = PBXBuildFile; fileRef = 3CF888DF179C2D5D008E4250 /* UMSocialLoginViewController.nib */; };
		3CF888EB179C2D5D008E4250 /* UMSocialSnsViewController.nib in Copy Files */ = {isa = PBXBuildFile; fileRef = 3CF888E0179C2D5D008E4250 /* UMSocialSnsViewController.nib */; };
		3CF888EC179C2D5D008E4250 /* UMSShareListController.nib in Copy Files */ = {isa = PBXBuildFile; fileRef = 3CF888E1179C2D5D008E4250 /* UMSShareListController.nib */; };
/* End PBXBuildFile section */

/* Begin PBXCopyFilesBuildPhase section */
		3C7AE6EB1797FD720073E93E /* Copy Files */ = {
			isa = PBXCopyFilesBuildPhase;
			buildActionMask = 2147483647;
			dstPath = "";
			dstSubfolderSpec = 6;
			files = (
				3C0287D418D06D4D000C55B3 /* UMSocialSDKResourcesNew.bundle in Copy Files */,
				3CF888E2179C2D5D008E4250 /* UMSCommentDetailController.nib in Copy Files */,
				3CF888E3179C2D5D008E4250 /* UMSCommentInputController.nib in Copy Files */,
				3CF888E4179C2D5D008E4250 /* UMSCommentInputControlleriPad.nib in Copy Files */,
				3CF888E5179C2D5D008E4250 /* UMShareEditViewController.nib in Copy Files */,
				3CF888E6179C2D5D008E4250 /* UMShareEditViewControlleriPad.nib in Copy Files */,
				3CF888E7179C2D5D008E4250 /* UMSLoginViewController.nib in Copy Files */,
				3CF888E8179C2D5D008E4250 /* UMSnsAccountViewController.nib in Copy Files */,
				3CF888E9179C2D5D008E4250 /* UMSocialBarViewController.nib in Copy Files */,
				3CF888EA179C2D5D008E4250 /* UMSocialLoginViewController.nib in Copy Files */,
				3CF888EB179C2D5D008E4250 /* UMSocialSnsViewController.nib in Copy Files */,
				3CF888EC179C2D5D008E4250 /* UMSShareListController.nib in Copy Files */,
			);
			name = "Copy Files";
			runOnlyForDeploymentPostprocessing = 0;
		};
/* End PBXCopyFilesBuildPhase section */

/* Begin PBXFileReference section */
		3C02876618D04450000C55B3 /* en */ = {isa = PBXFileReference; lastKnownFileType = text.plist.strings; name = en; path = en.lproj/UMSocialLocalizable.strings; sourceTree = "<group>"; };
		3C02876818D04450000C55B3 /* UMSocial.h */ = {isa = PBXFileReference; fileEncoding = 4; lastKnownFileType = sourcecode.c.h; path = UMSocial.h; sourceTree = "<group>"; };
		3C02876918D04450000C55B3 /* UMSocialAccountManager.h */ = {isa = PBXFileReference; fileEncoding = 4; lastKnownFileType = sourcecode.c.h; path = UMSocialAccountManager.h; sourceTree = "<group>"; };
		3C02876A18D04450000C55B3 /* UMSocialBar.h */ = {isa = PBXFileReference; fileEncoding = 4; lastKnownFileType = sourcecode.c.h; path = UMSocialBar.h; sourceTree = "<group>"; };
		3C02876B18D04450000C55B3 /* UMSocialConfig.h */ = {isa = PBXFileReference; fileEncoding = 4; lastKnownFileType = sourcecode.c.h; path = UMSocialConfig.h; sourceTree = "<group>"; };
		3C02876C18D04450000C55B3 /* UMSocialControllerService.h */ = {isa = PBXFileReference; fileEncoding = 4; lastKnownFileType = sourcecode.c.h; path = UMSocialControllerService.h; sourceTree = "<group>"; };
		3C02876D18D04450000C55B3 /* UMSocialControllerServiceComment.h */ = {isa = PBXFileReference; fileEncoding = 4; lastKnownFileType = sourcecode.c.h; path = UMSocialControllerServiceComment.h; sourceTree = "<group>"; };
		3C02876E18D04450000C55B3 /* UMSocialData.h */ = {isa = PBXFileReference; fileEncoding = 4; lastKnownFileType = sourcecode.c.h; path = UMSocialData.h; sourceTree = "<group>"; };
		3C02876F18D04450000C55B3 /* UMSocialDataService.h */ = {isa = PBXFileReference; fileEncoding = 4; lastKnownFileType = sourcecode.c.h; path = UMSocialDataService.h; sourceTree = "<group>"; };
		3C02877018D04450000C55B3 /* UMSocialSnsData.h */ = {isa = PBXFileReference; fileEncoding = 4; lastKnownFileType = sourcecode.c.h; path = UMSocialSnsData.h; sourceTree = "<group>"; };
		3C02877118D04450000C55B3 /* UMSocialSnsPlatformManager.h */ = {isa = PBXFileReference; fileEncoding = 4; lastKnownFileType = sourcecode.c.h; path = UMSocialSnsPlatformManager.h; sourceTree = "<group>"; };
		3C02877218D04450000C55B3 /* UMSocialSnsService.h */ = {isa = PBXFileReference; fileEncoding = 4; lastKnownFileType = sourcecode.c.h; path = UMSocialSnsService.h; sourceTree = "<group>"; };
		3C02877318D04450000C55B3 /* libUMSocial_Sdk_3.3.5.a */ = {isa = PBXFileReference; lastKnownFileType = archive.ar; path = libUMSocial_Sdk_3.3.5.a; sourceTree = "<group>"; };
		3C02877418D04450000C55B3 /* libUMSocial_Sdk_Comment_3.3.5.a */ = {isa = PBXFileReference; lastKnownFileType = archive.ar; path = libUMSocial_Sdk_Comment_3.3.5.a; sourceTree = "<group>"; };
		3C02877618D04450000C55B3 /* UMSCommentDetailController.xib */ = {isa = PBXFileReference; fileEncoding = 4; lastKnownFileType = file.xib; path = UMSCommentDetailController.xib; sourceTree = "<group>"; };
		3C02877718D04450000C55B3 /* UMSCommentInputController.xib */ = {isa = PBXFileReference; fileEncoding = 4; lastKnownFileType = file.xib; path = UMSCommentInputController.xib; sourceTree = "<group>"; };
		3C02877818D04450000C55B3 /* UMSCommentInputControlleriPad.xib */ = {isa = PBXFileReference; fileEncoding = 4; lastKnownFileType = file.xib; path = UMSCommentInputControlleriPad.xib; sourceTree = "<group>"; };
		3C02877918D04450000C55B3 /* UMShareEditViewController.xib */ = {isa = PBXFileReference; fileEncoding = 4; lastKnownFileType = file.xib; path = UMShareEditViewController.xib; sourceTree = "<group>"; };
		3C02877A18D04450000C55B3 /* UMShareEditViewControlleriPad.xib */ = {isa = PBXFileReference; fileEncoding = 4; lastKnownFileType = file.xib; path = UMShareEditViewControlleriPad.xib; sourceTree = "<group>"; };
		3C02877B18D04450000C55B3 /* UMSLoginViewController.xib */ = {isa = PBXFileReference; fileEncoding = 4; lastKnownFileType = file.xib; path = UMSLoginViewController.xib; sourceTree = "<group>"; };
		3C02877C18D04450000C55B3 /* UMSnsAccountViewController.xib */ = {isa = PBXFileReference; fileEncoding = 4; lastKnownFileType = file.xib; path = UMSnsAccountViewController.xib; sourceTree = "<group>"; };
		3C02877D18D04450000C55B3 /* UMSShareListController.xib */ = {isa = PBXFileReference; fileEncoding = 4; lastKnownFileType = file.xib; path = UMSShareListController.xib; sourceTree = "<group>"; };
		3C02877E18D04450000C55B3 /* UMSocialSDKResourcesNew.bundle */ = {isa = PBXFileReference; lastKnownFileType = "wrapper.plug-in"; path = UMSocialSDKResourcesNew.bundle; sourceTree = "<group>"; };
		3C02877F18D04450000C55B3 /* zh-Hans */ = {isa = PBXFileReference; lastKnownFileType = text.plist.strings; name = "zh-Hans"; path = "zh-Hans.lproj/UMSocialLocalizable.strings"; sourceTree = "<group>"; };
		3C02879518D0471A000C55B3 /* libSocialFacebook.a */ = {isa = PBXFileReference; lastKnownFileType = archive.ar; path = libSocialFacebook.a; sourceTree = "<group>"; };
		3C02879618D0471A000C55B3 /* UMSocialFacebookHandler.h */ = {isa = PBXFileReference; fileEncoding = 4; lastKnownFileType = sourcecode.c.h; path = UMSocialFacebookHandler.h; sourceTree = "<group>"; };
		3C02879818D0471A000C55B3 /* libSocialInstagram.a */ = {isa = PBXFileReference; lastKnownFileType = archive.ar; path = libSocialInstagram.a; sourceTree = "<group>"; };
		3C02879918D0471A000C55B3 /* UMSocialInstagramHandler.h */ = {isa = PBXFileReference; fileEncoding = 4; lastKnownFileType = sourcecode.c.h; path = UMSocialInstagramHandler.h; sourceTree = "<group>"; };
		3C02879B18D0471A000C55B3 /* libSocialLaiWang.a */ = {isa = PBXFileReference; lastKnownFileType = archive.ar; path = libSocialLaiWang.a; sourceTree = "<group>"; };
		3C02879C18D0471A000C55B3 /* UMSocialLaiwangHandler.h */ = {isa = PBXFileReference; fileEncoding = 4; lastKnownFileType = sourcecode.c.h; path = UMSocialLaiwangHandler.h; sourceTree = "<group>"; };
		3C02879E18D0471A000C55B3 /* TencentOpenAPI.framework */ = {isa = PBXFileReference; lastKnownFileType = wrapper.framework; path = TencentOpenAPI.framework; sourceTree = "<group>"; };
		3C02879F18D0471A000C55B3 /* TencentOpenApi_IOS_Bundle.bundle */ = {isa = PBXFileReference; lastKnownFileType = "wrapper.plug-in"; path = TencentOpenApi_IOS_Bundle.bundle; sourceTree = "<group>"; };
		3C0287A118D0471A000C55B3 /* libSocialTwitter.a */ = {isa = PBXFileReference; lastKnownFileType = archive.ar; path = libSocialTwitter.a; sourceTree = "<group>"; };
		3C0287A218D0471A000C55B3 /* UMSocialTwitterHandler.h */ = {isa = PBXFileReference; fileEncoding = 4; lastKnownFileType = sourcecode.c.h; path = UMSocialTwitterHandler.h; sourceTree = "<group>"; };
		3C0287A418D0471A000C55B3 /* ios-social-sdk-shake.html */ = {isa = PBXFileReference; fileEncoding = 4; lastKnownFileType = text.html; path = "ios-social-sdk-shake.html"; sourceTree = "<group>"; };
		3C0287A518D0471A000C55B3 /* libUMSocial_Sdk_ScreenShot_1.0.a */ = {isa = PBXFileReference; lastKnownFileType = archive.ar; path = libUMSocial_Sdk_ScreenShot_1.0.a; sourceTree = "<group>"; };
		3C0287A618D0471A000C55B3 /* UMSocialScreenShoter.h */ = {isa = PBXFileReference; fileEncoding = 4; lastKnownFileType = sourcecode.c.h; path = UMSocialScreenShoter.h; sourceTree = "<group>"; };
		3C0287A818D0471A000C55B3 /* ios-social-sdk-shake.html */ = {isa = PBXFileReference; fileEncoding = 4; lastKnownFileType = text.html; path = "ios-social-sdk-shake.html"; sourceTree = "<group>"; };
		3C0287A918D0471A000C55B3 /* libUMSocial_Sdk_Shake_1.0.a */ = {isa = PBXFileReference; lastKnownFileType = archive.ar; path = libUMSocial_Sdk_Shake_1.0.a; sourceTree = "<group>"; };
		3C0287AA18D0471A000C55B3 /* UMSocialShakeService.h */ = {isa = PBXFileReference; fileEncoding = 4; lastKnownFileType = sourcecode.c.h; path = UMSocialShakeService.h; sourceTree = "<group>"; };
		3C0287AC18D0471A000C55B3 /* libSocialWechat.a */ = {isa = PBXFileReference; lastKnownFileType = archive.ar; path = libSocialWechat.a; sourceTree = "<group>"; };
		3C0287AD18D0471A000C55B3 /* UMSocialWechatHandler.h */ = {isa = PBXFileReference; fileEncoding = 4; lastKnownFileType = sourcecode.c.h; path = UMSocialWechatHandler.h; sourceTree = "<group>"; };
		3C0287AF18D0471A000C55B3 /* libSocialYiXin.a */ = {isa = PBXFileReference; lastKnownFileType = archive.ar; path = libSocialYiXin.a; sourceTree = "<group>"; };
		3C0287B018D0471A000C55B3 /* UMSocialYiXinHandler.h */ = {isa = PBXFileReference; fileEncoding = 4; lastKnownFileType = sourcecode.c.h; path = UMSocialYiXinHandler.h; sourceTree = "<group>"; };
		3C70DD72179C2C3B00BDFCEC /* QuartzCore.framework */ = {isa = PBXFileReference; lastKnownFileType = wrapper.framework; name = QuartzCore.framework; path = System/Library/Frameworks/QuartzCore.framework; sourceTree = SDKROOT; };
		3C70DD74179C2C4100BDFCEC /* MessageUI.framework */ = {isa = PBXFileReference; lastKnownFileType = wrapper.framework; name = MessageUI.framework; path = System/Library/Frameworks/MessageUI.framework; sourceTree = SDKROOT; };
		3C70DD76179C2C4900BDFCEC /* MapKit.framework */ = {isa = PBXFileReference; lastKnownFileType = wrapper.framework; name = MapKit.framework; path = System/Library/Frameworks/MapKit.framework; sourceTree = SDKROOT; };
		3C70DD78179C2C5100BDFCEC /* CoreLocation.framework */ = {isa = PBXFileReference; lastKnownFileType = wrapper.framework; name = CoreLocation.framework; path = System/Library/Frameworks/CoreLocation.framework; sourceTree = SDKROOT; };
		3C70DD7A179C2C5700BDFCEC /* UIKit.framework */ = {isa = PBXFileReference; lastKnownFileType = wrapper.framework; name = UIKit.framework; path = System/Library/Frameworks/UIKit.framework; sourceTree = SDKROOT; };
		3C70DD7C179C2C5D00BDFCEC /* CoreGraphics.framework */ = {isa = PBXFileReference; lastKnownFileType = wrapper.framework; name = CoreGraphics.framework; path = System/Library/Frameworks/CoreGraphics.framework; sourceTree = SDKROOT; };
		3C7AE5FE1797E4E10073E93E /* libUMSocial.a */ = {isa = PBXFileReference; explicitFileType = archive.ar; includeInIndex = 0; path = libUMSocial.a; sourceTree = BUILT_PRODUCTS_DIR; };
		3C7AE6011797E4E10073E93E /* Foundation.framework */ = {isa = PBXFileReference; lastKnownFileType = wrapper.framework; name = Foundation.framework; path = System/Library/Frameworks/Foundation.framework; sourceTree = SDKROOT; };
		3C7AE6051797E4E10073E93E /* UMSocial-Prefix.pch */ = {isa = PBXFileReference; lastKnownFileType = sourcecode.c.h; path = "UMSocial-Prefix.pch"; sourceTree = "<group>"; };
		3C7AE6061797E4E10073E93E /* UMSocial.h */ = {isa = PBXFileReference; lastKnownFileType = sourcecode.c.h; path = UMSocial.h; sourceTree = "<group>"; };
		3C7AE6081797E4E10073E93E /* UMSocial.m */ = {isa = PBXFileReference; lastKnownFileType = sourcecode.c.objc; path = UMSocial.m; sourceTree = "<group>"; };
		3C7AE6561797E9B80073E93E /* FlashRuntimeExtensions.h */ = {isa = PBXFileReference; fileEncoding = 4; lastKnownFileType = sourcecode.c.h; path = FlashRuntimeExtensions.h; sourceTree = SOURCE_ROOT; };
		3C7AE6571797EA9A0073E93E /* SocialControler.m */ = {isa = PBXFileReference; fileEncoding = 4; lastKnownFileType = sourcecode.c.objc; path = SocialControler.m; sourceTree = "<group>"; };
		3C7AE6581797EA9A0073E93E /* SocialControler.h */ = {isa = PBXFileReference; fileEncoding = 4; lastKnownFileType = sourcecode.c.h; path = SocialControler.h; sourceTree = "<group>"; };
		3C7AE65B1797EAC00073E93E /* UMSocialBarViewController.h */ = {isa = PBXFileReference; fileEncoding = 4; lastKnownFileType = sourcecode.c.h; path = UMSocialBarViewController.h; sourceTree = "<group>"; };
		3C7AE65C1797EAC00073E93E /* UMSocialBarViewController.m */ = {isa = PBXFileReference; fileEncoding = 4; lastKnownFileType = sourcecode.c.objc; path = UMSocialBarViewController.m; sourceTree = "<group>"; };
		3C7AE65D1797EAC00073E93E /* UMSocialBarViewController.xib */ = {isa = PBXFileReference; fileEncoding = 4; lastKnownFileType = file.xib; path = UMSocialBarViewController.xib; sourceTree = "<group>"; };
		3C7AE65E1797EAC00073E93E /* UMSocialLoginViewController.h */ = {isa = PBXFileReference; fileEncoding = 4; lastKnownFileType = sourcecode.c.h; path = UMSocialLoginViewController.h; sourceTree = "<group>"; };
		3C7AE65F1797EAC00073E93E /* UMSocialLoginViewController.m */ = {isa = PBXFileReference; fileEncoding = 4; lastKnownFileType = sourcecode.c.objc; path = UMSocialLoginViewController.m; sourceTree = "<group>"; };
		3C7AE6601797EAC00073E93E /* UMSocialLoginViewController.xib */ = {isa = PBXFileReference; fileEncoding = 4; lastKnownFileType = file.xib; path = UMSocialLoginViewController.xib; sourceTree = "<group>"; };
		3C7AE6611797EAC00073E93E /* UMSocialSnsViewController.h */ = {isa = PBXFileReference; fileEncoding = 4; lastKnownFileType = sourcecode.c.h; path = UMSocialSnsViewController.h; sourceTree = "<group>"; };
		3C7AE6621797EAC00073E93E /* UMSocialSnsViewController.m */ = {isa = PBXFileReference; fileEncoding = 4; lastKnownFileType = sourcecode.c.objc; path = UMSocialSnsViewController.m; sourceTree = "<group>"; };
		3C7AE6631797EAC00073E93E /* UMSocialSnsViewController.xib */ = {isa = PBXFileReference; fileEncoding = 4; lastKnownFileType = file.xib; path = UMSocialSnsViewController.xib; sourceTree = "<group>"; };
		3C7AE6641797EAC00073E93E /* UMSocialTabBarController.h */ = {isa = PBXFileReference; fileEncoding = 4; lastKnownFileType = sourcecode.c.h; path = UMSocialTabBarController.h; sourceTree = "<group>"; };
		3C7AE6651797EAC00073E93E /* UMSocialTabBarController.m */ = {isa = PBXFileReference; fileEncoding = 4; lastKnownFileType = sourcecode.c.objc; path = UMSocialTabBarController.m; sourceTree = "<group>"; };
		3C7AE66B1797EB050073E93E /* UMImageLoader.h */ = {isa = PBXFileReference; fileEncoding = 4; lastKnownFileType = sourcecode.c.h; path = UMImageLoader.h; sourceTree = "<group>"; };
		3C7AE66C1797EB050073E93E /* UMImageView.h */ = {isa = PBXFileReference; fileEncoding = 4; lastKnownFileType = sourcecode.c.h; path = UMImageView.h; sourceTree = "<group>"; };
		3C7AE66D1797EB050073E93E /* UMSocialAFHTTPClient.h */ = {isa = PBXFileReference; fileEncoding = 4; lastKnownFileType = sourcecode.c.h; path = UMSocialAFHTTPClient.h; sourceTree = "<group>"; };
		3C7AE66E1797EB050073E93E /* UMSocialAFHTTPRequestOperation.h */ = {isa = PBXFileReference; fileEncoding = 4; lastKnownFileType = sourcecode.c.h; path = UMSocialAFHTTPRequestOperation.h; sourceTree = "<group>"; };
		3C7AE66F1797EB050073E93E /* UMSocialAFURLConnectionOperation.h */ = {isa = PBXFileReference; fileEncoding = 4; lastKnownFileType = sourcecode.c.h; path = UMSocialAFURLConnectionOperation.h; sourceTree = "<group>"; };
		3C7AE6701797EB050073E93E /* UMUtils.h */ = {isa = PBXFileReference; fileEncoding = 4; lastKnownFileType = sourcecode.c.h; path = UMUtils.h; sourceTree = "<group>"; };
		3C7AE6B41797FA010073E93E /* UMS_account@2x.png */ = {isa = PBXFileReference; lastKnownFileType = image.png; path = "UMS_account@2x.png"; sourceTree = "<group>"; };
		3C7AE6B51797FA010073E93E /* UMS_bar@2x.png */ = {isa = PBXFileReference; lastKnownFileType = image.png; path = "UMS_bar@2x.png"; sourceTree = "<group>"; };
		3C7AE6B61797FA010073E93E /* UMS_comment@2x.png */ = {isa = PBXFileReference; lastKnownFileType = image.png; path = "UMS_comment@2x.png"; sourceTree = "<group>"; };
		3C7AE6B71797FA010073E93E /* UMS_mutilBar@2x.png */ = {isa = PBXFileReference; lastKnownFileType = image.png; path = "UMS_mutilBar@2x.png"; sourceTree = "<group>"; };
		3C7AE6B81797FA010073E93E /* UMS_settings@2x.png */ = {isa = PBXFileReference; lastKnownFileType = image.png; path = "UMS_settings@2x.png"; sourceTree = "<group>"; };
		3C7AE6B91797FA010073E93E /* UMS_share@2x.png */ = {isa = PBXFileReference; lastKnownFileType = image.png; path = "UMS_share@2x.png"; sourceTree = "<group>"; };
		3C8A044618D01002003AB72C /* Login.h */ = {isa = PBXFileReference; fileEncoding = 4; lastKnownFileType = sourcecode.c.h; path = Login.h; sourceTree = "<group>"; };
		3C8A044718D01002003AB72C /* Login.m */ = {isa = PBXFileReference; fileEncoding = 4; lastKnownFileType = sourcecode.c.objc; path = Login.m; sourceTree = "<group>"; };
		3CE35DF8179D24B9009FE873 /* zh */ = {isa = PBXFileReference; lastKnownFileType = text.plist.strings; name = zh; path = UMSocialLocalizable.strings; sourceTree = "<group>"; };
		3CF888D7179C2D5D008E4250 /* UMSCommentDetailController.nib */ = {isa = PBXFileReference; lastKnownFileType = file; name = UMSCommentDetailController.nib; path = nibs/UMSCommentDetailController.nib; sourceTree = "<group>"; };
		3CF888D8179C2D5D008E4250 /* UMSCommentInputController.nib */ = {isa = PBXFileReference; lastKnownFileType = file; name = UMSCommentInputController.nib; path = nibs/UMSCommentInputController.nib; sourceTree = "<group>"; };
		3CF888D9179C2D5D008E4250 /* UMSCommentInputControlleriPad.nib */ = {isa = PBXFileReference; lastKnownFileType = file; name = UMSCommentInputControlleriPad.nib; path = nibs/UMSCommentInputControlleriPad.nib; sourceTree = "<group>"; };
		3CF888DA179C2D5D008E4250 /* UMShareEditViewController.nib */ = {isa = PBXFileReference; lastKnownFileType = file; name = UMShareEditViewController.nib; path = nibs/UMShareEditViewController.nib; sourceTree = "<group>"; };
		3CF888DB179C2D5D008E4250 /* UMShareEditViewControlleriPad.nib */ = {isa = PBXFileReference; lastKnownFileType = file; name = UMShareEditViewControlleriPad.nib; path = nibs/UMShareEditViewControlleriPad.nib; sourceTree = "<group>"; };
		3CF888DC179C2D5D008E4250 /* UMSLoginViewController.nib */ = {isa = PBXFileReference; lastKnownFileType = file; name = UMSLoginViewController.nib; path = nibs/UMSLoginViewController.nib; sourceTree = "<group>"; };
		3CF888DD179C2D5D008E4250 /* UMSnsAccountViewController.nib */ = {isa = PBXFileReference; lastKnownFileType = file; name = UMSnsAccountViewController.nib; path = nibs/UMSnsAccountViewController.nib; sourceTree = "<group>"; };
		3CF888DE179C2D5D008E4250 /* UMSocialBarViewController.nib */ = {isa = PBXFileReference; lastKnownFileType = file; name = UMSocialBarViewController.nib; path = nibs/UMSocialBarViewController.nib; sourceTree = "<group>"; };
		3CF888DF179C2D5D008E4250 /* UMSocialLoginViewController.nib */ = {isa = PBXFileReference; lastKnownFileType = file; name = UMSocialLoginViewController.nib; path = nibs/UMSocialLoginViewController.nib; sourceTree = "<group>"; };
		3CF888E0179C2D5D008E4250 /* UMSocialSnsViewController.nib */ = {isa = PBXFileReference; lastKnownFileType = file; name = UMSocialSnsViewController.nib; path = nibs/UMSocialSnsViewController.nib; sourceTree = "<group>"; };
		3CF888E1179C2D5D008E4250 /* UMSShareListController.nib */ = {isa = PBXFileReference; lastKnownFileType = file; name = UMSShareListController.nib; path = nibs/UMSShareListController.nib; sourceTree = "<group>"; };
/* End PBXFileReference section */

/* Begin PBXFrameworksBuildPhase section */
		3C7AE5FB1797E4E10073E93E /* Frameworks */ = {
			isa = PBXFrameworksBuildPhase;
			buildActionMask = 2147483647;
			files = (
				3C0287BD18D04908000C55B3 /* libSocialWechat.a in Frameworks */,
				3C70DD7E179C2C6900BDFCEC /* CoreGraphics.framework in Frameworks */,
				3C02878118D04450000C55B3 /* libUMSocial_Sdk_3.3.5.a in Frameworks */,
				3C70DD7F179C2C6900BDFCEC /* UIKit.framework in Frameworks */,
				3C70DD80179C2C6900BDFCEC /* CoreLocation.framework in Frameworks */,
				3C0287B818D0471A000C55B3 /* libUMSocial_Sdk_ScreenShot_1.0.a in Frameworks */,
				3C02878218D04450000C55B3 /* libUMSocial_Sdk_Comment_3.3.5.a in Frameworks */,
				3C70DD81179C2C6900BDFCEC /* MapKit.framework in Frameworks */,
				3C70DD82179C2C6900BDFCEC /* MessageUI.framework in Frameworks */,
			);
			runOnlyForDeploymentPostprocessing = 0;
		};
/* End PBXFrameworksBuildPhase section */

/* Begin PBXGroup section */
		3C02876418D04450000C55B3 /* UMSocial_Sdk_3.3.5 */ = {
			isa = PBXGroup;
			children = (
				3C02876518D04450000C55B3 /* UMSocialLocalizable.strings */,
				3C02876718D04450000C55B3 /* Header */,
				3C02877318D04450000C55B3 /* libUMSocial_Sdk_3.3.5.a */,
				3C02877418D04450000C55B3 /* libUMSocial_Sdk_Comment_3.3.5.a */,
				3C02877518D04450000C55B3 /* SocialSDKXib */,
				3C02877E18D04450000C55B3 /* UMSocialSDKResourcesNew.bundle */,
			);
			path = UMSocial_Sdk_3.3.5;
			sourceTree = "<group>";
		};
		3C02876718D04450000C55B3 /* Header */ = {
			isa = PBXGroup;
			children = (
				3C02876818D04450000C55B3 /* UMSocial.h */,
				3C02876918D04450000C55B3 /* UMSocialAccountManager.h */,
				3C02876A18D04450000C55B3 /* UMSocialBar.h */,
				3C02876B18D04450000C55B3 /* UMSocialConfig.h */,
				3C02876C18D04450000C55B3 /* UMSocialControllerService.h */,
				3C02876D18D04450000C55B3 /* UMSocialControllerServiceComment.h */,
				3C02876E18D04450000C55B3 /* UMSocialData.h */,
				3C02876F18D04450000C55B3 /* UMSocialDataService.h */,
				3C02877018D04450000C55B3 /* UMSocialSnsData.h */,
				3C02877118D04450000C55B3 /* UMSocialSnsPlatformManager.h */,
				3C02877218D04450000C55B3 /* UMSocialSnsService.h */,
			);
			path = Header;
			sourceTree = "<group>";
		};
		3C02877518D04450000C55B3 /* SocialSDKXib */ = {
			isa = PBXGroup;
			children = (
				3C02877618D04450000C55B3 /* UMSCommentDetailController.xib */,
				3C02877718D04450000C55B3 /* UMSCommentInputController.xib */,
				3C02877818D04450000C55B3 /* UMSCommentInputControlleriPad.xib */,
				3C02877918D04450000C55B3 /* UMShareEditViewController.xib */,
				3C02877A18D04450000C55B3 /* UMShareEditViewControlleriPad.xib */,
				3C02877B18D04450000C55B3 /* UMSLoginViewController.xib */,
				3C02877C18D04450000C55B3 /* UMSnsAccountViewController.xib */,
				3C02877D18D04450000C55B3 /* UMSShareListController.xib */,
			);
			path = SocialSDKXib;
			sourceTree = "<group>";
		};
		3C02879318D0471A000C55B3 /* UMSocial_Sdk_Extra_Frameworks */ = {
			isa = PBXGroup;
			children = (
				3C02879418D0471A000C55B3 /* Facebook */,
				3C02879718D0471A000C55B3 /* Instagram */,
				3C02879A18D0471A000C55B3 /* LaiWang */,
				3C02879D18D0471A000C55B3 /* TencentOpenAPI */,
				3C0287A018D0471A000C55B3 /* Twitter */,
				3C0287A318D0471A000C55B3 /* UMSocial_ScreenShot_Sdk */,
				3C0287A718D0471A000C55B3 /* UMSocial_Shake_Sdk */,
				3C0287AB18D0471A000C55B3 /* Wechat */,
				3C0287AE18D0471A000C55B3 /* YiXin */,
			);
			path = UMSocial_Sdk_Extra_Frameworks;
			sourceTree = "<group>";
		};
		3C02879418D0471A000C55B3 /* Facebook */ = {
			isa = PBXGroup;
			children = (
				3C02879518D0471A000C55B3 /* libSocialFacebook.a */,
				3C02879618D0471A000C55B3 /* UMSocialFacebookHandler.h */,
			);
			path = Facebook;
			sourceTree = "<group>";
		};
		3C02879718D0471A000C55B3 /* Instagram */ = {
			isa = PBXGroup;
			children = (
				3C02879818D0471A000C55B3 /* libSocialInstagram.a */,
				3C02879918D0471A000C55B3 /* UMSocialInstagramHandler.h */,
			);
			path = Instagram;
			sourceTree = "<group>";
		};
		3C02879A18D0471A000C55B3 /* LaiWang */ = {
			isa = PBXGroup;
			children = (
				3C02879B18D0471A000C55B3 /* libSocialLaiWang.a */,
				3C02879C18D0471A000C55B3 /* UMSocialLaiwangHandler.h */,
			);
			path = LaiWang;
			sourceTree = "<group>";
		};
		3C02879D18D0471A000C55B3 /* TencentOpenAPI */ = {
			isa = PBXGroup;
			children = (
				3C02879E18D0471A000C55B3 /* TencentOpenAPI.framework */,
				3C02879F18D0471A000C55B3 /* TencentOpenApi_IOS_Bundle.bundle */,
			);
			path = TencentOpenAPI;
			sourceTree = "<group>";
		};
		3C0287A018D0471A000C55B3 /* Twitter */ = {
			isa = PBXGroup;
			children = (
				3C0287A118D0471A000C55B3 /* libSocialTwitter.a */,
				3C0287A218D0471A000C55B3 /* UMSocialTwitterHandler.h */,
			);
			path = Twitter;
			sourceTree = "<group>";
		};
		3C0287A318D0471A000C55B3 /* UMSocial_ScreenShot_Sdk */ = {
			isa = PBXGroup;
			children = (
				3C0287A418D0471A000C55B3 /* ios-social-sdk-shake.html */,
				3C0287A518D0471A000C55B3 /* libUMSocial_Sdk_ScreenShot_1.0.a */,
				3C0287A618D0471A000C55B3 /* UMSocialScreenShoter.h */,
			);
			path = UMSocial_ScreenShot_Sdk;
			sourceTree = "<group>";
		};
		3C0287A718D0471A000C55B3 /* UMSocial_Shake_Sdk */ = {
			isa = PBXGroup;
			children = (
				3C0287A818D0471A000C55B3 /* ios-social-sdk-shake.html */,
				3C0287A918D0471A000C55B3 /* libUMSocial_Sdk_Shake_1.0.a */,
				3C0287AA18D0471A000C55B3 /* UMSocialShakeService.h */,
			);
			path = UMSocial_Shake_Sdk;
			sourceTree = "<group>";
		};
		3C0287AB18D0471A000C55B3 /* Wechat */ = {
			isa = PBXGroup;
			children = (
				3C0287AC18D0471A000C55B3 /* libSocialWechat.a */,
				3C0287AD18D0471A000C55B3 /* UMSocialWechatHandler.h */,
			);
			path = Wechat;
			sourceTree = "<group>";
		};
		3C0287AE18D0471A000C55B3 /* YiXin */ = {
			isa = PBXGroup;
			children = (
				3C0287AF18D0471A000C55B3 /* libSocialYiXin.a */,
				3C0287B018D0471A000C55B3 /* UMSocialYiXinHandler.h */,
			);
			path = YiXin;
			sourceTree = "<group>";
		};
		3C7AE5F51797E4E10073E93E = {
			isa = PBXGroup;
			children = (
				3C02879318D0471A000C55B3 /* UMSocial_Sdk_Extra_Frameworks */,
				3C02876418D04450000C55B3 /* UMSocial_Sdk_3.3.5 */,
				3CE35DF6179D24B9009FE873 /* zh.lproj */,
				3CF888ED179C2D65008E4250 /* nibs */,
				3C7AE6031797E4E10073E93E /* UMSocial */,
				3C7AE6001797E4E10073E93E /* Frameworks */,
				3C7AE5FF1797E4E10073E93E /* Products */,
			);
			sourceTree = "<group>";
		};
		3C7AE5FF1797E4E10073E93E /* Products */ = {
			isa = PBXGroup;
			children = (
				3C7AE5FE1797E4E10073E93E /* libUMSocial.a */,
			);
			name = Products;
			sourceTree = "<group>";
		};
		3C7AE6001797E4E10073E93E /* Frameworks */ = {
			isa = PBXGroup;
			children = (
				3C70DD7C179C2C5D00BDFCEC /* CoreGraphics.framework */,
				3C70DD7A179C2C5700BDFCEC /* UIKit.framework */,
				3C70DD78179C2C5100BDFCEC /* CoreLocation.framework */,
				3C70DD76179C2C4900BDFCEC /* MapKit.framework */,
				3C70DD74179C2C4100BDFCEC /* MessageUI.framework */,
				3C70DD72179C2C3B00BDFCEC /* QuartzCore.framework */,
				3C7AE6011797E4E10073E93E /* Foundation.framework */,
			);
			name = Frameworks;
			sourceTree = "<group>";
		};
		3C7AE6031797E4E10073E93E /* UMSocial */ = {
			isa = PBXGroup;
			children = (
				3C7AE6B31797FA000073E93E /* DemoImages */,
				3C7AE66A1797EB050073E93E /* Headers */,
				3C7AE65A1797EAC00073E93E /* UI */,
				3C7AE6571797EA9A0073E93E /* SocialControler.m */,
				3C7AE6581797EA9A0073E93E /* SocialControler.h */,
				3C7AE6061797E4E10073E93E /* UMSocial.h */,
				3C7AE6081797E4E10073E93E /* UMSocial.m */,
				3C7AE6041797E4E10073E93E /* Supporting Files */,
				3C8A044618D01002003AB72C /* Login.h */,
				3C8A044718D01002003AB72C /* Login.m */,
			);
			path = UMSocial;
			sourceTree = "<group>";
		};
		3C7AE6041797E4E10073E93E /* Supporting Files */ = {
			isa = PBXGroup;
			children = (
				3C7AE6561797E9B80073E93E /* FlashRuntimeExtensions.h */,
				3C7AE6051797E4E10073E93E /* UMSocial-Prefix.pch */,
			);
			name = "Supporting Files";
			sourceTree = "<group>";
		};
		3C7AE65A1797EAC00073E93E /* UI */ = {
			isa = PBXGroup;
			children = (
				3C7AE65B1797EAC00073E93E /* UMSocialBarViewController.h */,
				3C7AE65C1797EAC00073E93E /* UMSocialBarViewController.m */,
				3C7AE65D1797EAC00073E93E /* UMSocialBarViewController.xib */,
				3C7AE65E1797EAC00073E93E /* UMSocialLoginViewController.h */,
				3C7AE65F1797EAC00073E93E /* UMSocialLoginViewController.m */,
				3C7AE6601797EAC00073E93E /* UMSocialLoginViewController.xib */,
				3C7AE6611797EAC00073E93E /* UMSocialSnsViewController.h */,
				3C7AE6621797EAC00073E93E /* UMSocialSnsViewController.m */,
				3C7AE6631797EAC00073E93E /* UMSocialSnsViewController.xib */,
				3C7AE6641797EAC00073E93E /* UMSocialTabBarController.h */,
				3C7AE6651797EAC00073E93E /* UMSocialTabBarController.m */,
			);
			path = UI;
			sourceTree = "<group>";
		};
		3C7AE66A1797EB050073E93E /* Headers */ = {
			isa = PBXGroup;
			children = (
				3C7AE66B1797EB050073E93E /* UMImageLoader.h */,
				3C7AE66C1797EB050073E93E /* UMImageView.h */,
				3C7AE66D1797EB050073E93E /* UMSocialAFHTTPClient.h */,
				3C7AE66E1797EB050073E93E /* UMSocialAFHTTPRequestOperation.h */,
				3C7AE66F1797EB050073E93E /* UMSocialAFURLConnectionOperation.h */,
				3C7AE6701797EB050073E93E /* UMUtils.h */,
			);
			path = Headers;
			sourceTree = "<group>";
		};
		3C7AE6B31797FA000073E93E /* DemoImages */ = {
			isa = PBXGroup;
			children = (
				3C7AE6B41797FA010073E93E /* UMS_account@2x.png */,
				3C7AE6B51797FA010073E93E /* UMS_bar@2x.png */,
				3C7AE6B61797FA010073E93E /* UMS_comment@2x.png */,
				3C7AE6B71797FA010073E93E /* UMS_mutilBar@2x.png */,
				3C7AE6B81797FA010073E93E /* UMS_settings@2x.png */,
				3C7AE6B91797FA010073E93E /* UMS_share@2x.png */,
			);
			path = DemoImages;
			sourceTree = "<group>";
		};
		3CE35DF6179D24B9009FE873 /* zh.lproj */ = {
			isa = PBXGroup;
			children = (
				3CE35DF7179D24B9009FE873 /* UMSocialLocalizable.strings */,
			);
			path = zh.lproj;
			sourceTree = "<group>";
		};
		3CF888ED179C2D65008E4250 /* nibs */ = {
			isa = PBXGroup;
			children = (
				3CF888D7179C2D5D008E4250 /* UMSCommentDetailController.nib */,
				3CF888D8179C2D5D008E4250 /* UMSCommentInputController.nib */,
				3CF888D9179C2D5D008E4250 /* UMSCommentInputControlleriPad.nib */,
				3CF888DA179C2D5D008E4250 /* UMShareEditViewController.nib */,
				3CF888DB179C2D5D008E4250 /* UMShareEditViewControlleriPad.nib */,
				3CF888DC179C2D5D008E4250 /* UMSLoginViewController.nib */,
				3CF888DD179C2D5D008E4250 /* UMSnsAccountViewController.nib */,
				3CF888DE179C2D5D008E4250 /* UMSocialBarViewController.nib */,
				3CF888DF179C2D5D008E4250 /* UMSocialLoginViewController.nib */,
				3CF888E0179C2D5D008E4250 /* UMSocialSnsViewController.nib */,
				3CF888E1179C2D5D008E4250 /* UMSShareListController.nib */,
			);
			name = nibs;
			sourceTree = "<group>";
		};
/* End PBXGroup section */

/* Begin PBXNativeTarget section */
		3C7AE5FD1797E4E10073E93E /* UMSocial */ = {
			isa = PBXNativeTarget;
			buildConfigurationList = 3C7AE60C1797E4E10073E93E /* Build configuration list for PBXNativeTarget "UMSocial" */;
			buildPhases = (
				3C7AE5FA1797E4E10073E93E /* Sources */,
				3C7AE5FB1797E4E10073E93E /* Frameworks */,
				3C7AE6D21797FC240073E93E /* Resources */,
				3C7AE6EB1797FD720073E93E /* Copy Files */,
			);
			buildRules = (
			);
			dependencies = (
			);
			name = UMSocial;
			productName = UMSocial;
			productReference = 3C7AE5FE1797E4E10073E93E /* libUMSocial.a */;
			productType = "com.apple.product-type.library.static";
		};
/* End PBXNativeTarget section */

/* Begin PBXProject section */
		3C7AE5F61797E4E10073E93E /* Project object */ = {
			isa = PBXProject;
			attributes = {
				LastUpgradeCheck = 0460;
				ORGANIZATIONNAME = pamakids;
			};
			buildConfigurationList = 3C7AE5F91797E4E10073E93E /* Build configuration list for PBXProject "UMSocial" */;
			compatibilityVersion = "Xcode 3.2";
			developmentRegion = English;
			hasScannedForEncodings = 0;
			knownRegions = (
				en,
				"zh-Hans",
				zh,
			);
			mainGroup = 3C7AE5F51797E4E10073E93E;
			productRefGroup = 3C7AE5FF1797E4E10073E93E /* Products */;
			projectDirPath = "";
			projectRoot = "";
			targets = (
				3C7AE5FD1797E4E10073E93E /* UMSocial */,
			);
		};
/* End PBXProject section */

/* Begin PBXResourcesBuildPhase section */
		3C7AE6D21797FC240073E93E /* Resources */ = {
			isa = PBXResourcesBuildPhase;
			buildActionMask = 2147483647;
			files = (
				3C7AE6E51797FC590073E93E /* UMSocialBarViewController.xib in Resources */,
				3C02878718D04450000C55B3 /* UMShareEditViewControlleriPad.xib in Resources */,
				3C7AE6E61797FC590073E93E /* UMSocialLoginViewController.xib in Resources */,
				3C02878A18D04450000C55B3 /* UMSShareListController.xib in Resources */,
				3C0287B518D0471A000C55B3 /* TencentOpenApi_IOS_Bundle.bundle in Resources */,
				3C02878818D04450000C55B3 /* UMSLoginViewController.xib in Resources */,
				3C7AE6E71797FC590073E93E /* UMSocialSnsViewController.xib in Resources */,
				3C0287B918D0471A000C55B3 /* ios-social-sdk-shake.html in Resources */,
				3C02878418D04450000C55B3 /* UMSCommentInputController.xib in Resources */,
				3C02878B18D04450000C55B3 /* UMSocialSDKResourcesNew.bundle in Resources */,
				3C0287B718D0471A000C55B3 /* ios-social-sdk-shake.html in Resources */,
				3C02878318D04450000C55B3 /* UMSCommentDetailController.xib in Resources */,
				3C02878618D04450000C55B3 /* UMShareEditViewController.xib in Resources */,
				3C02878518D04450000C55B3 /* UMSCommentInputControlleriPad.xib in Resources */,
				3C02878018D04450000C55B3 /* UMSocialLocalizable.strings in Resources */,
				3C02878918D04450000C55B3 /* UMSnsAccountViewController.xib in Resources */,
			);
			runOnlyForDeploymentPostprocessing = 0;
		};
/* End PBXResourcesBuildPhase section */

/* Begin PBXSourcesBuildPhase section */
		3C7AE5FA1797E4E10073E93E /* Sources */ = {
			isa = PBXSourcesBuildPhase;
			buildActionMask = 2147483647;
			files = (
				3C7AE6091797E4E10073E93E /* UMSocial.m in Sources */,
				3C7AE6591797EA9A0073E93E /* SocialControler.m in Sources */,
				3C8A044818D01002003AB72C /* Login.m in Sources */,
			);
			runOnlyForDeploymentPostprocessing = 0;
		};
/* End PBXSourcesBuildPhase section */

/* Begin PBXVariantGroup section */
		3C02876518D04450000C55B3 /* UMSocialLocalizable.strings */ = {
			isa = PBXVariantGroup;
			children = (
				3C02876618D04450000C55B3 /* en */,
				3C02877F18D04450000C55B3 /* zh-Hans */,
			);
			name = UMSocialLocalizable.strings;
			sourceTree = "<group>";
		};
		3CE35DF7179D24B9009FE873 /* UMSocialLocalizable.strings */ = {
			isa = PBXVariantGroup;
			children = (
				3CE35DF8179D24B9009FE873 /* zh */,
			);
			name = UMSocialLocalizable.strings;
			sourceTree = "<group>";
		};
/* End PBXVariantGroup section */

/* Begin XCBuildConfiguration section */
		3C7AE60A1797E4E10073E93E /* Debug */ = {
			isa = XCBuildConfiguration;
			buildSettings = {
				ALWAYS_SEARCH_USER_PATHS = NO;
				CLANG_CXX_LANGUAGE_STANDARD = "gnu++0x";
				CLANG_CXX_LIBRARY = "libc++";
				CLANG_WARN_CONSTANT_CONVERSION = YES;
				CLANG_WARN_EMPTY_BODY = YES;
				CLANG_WARN_ENUM_CONVERSION = YES;
				CLANG_WARN_INT_CONVERSION = YES;
				CLANG_WARN__DUPLICATE_METHOD_MATCH = YES;
				COPY_PHASE_STRIP = NO;
				GCC_C_LANGUAGE_STANDARD = gnu99;
				GCC_DYNAMIC_NO_PIC = NO;
				GCC_OPTIMIZATION_LEVEL = 0;
				GCC_PREPROCESSOR_DEFINITIONS = (
					"DEBUG=1",
					"$(inherited)",
				);
				GCC_SYMBOLS_PRIVATE_EXTERN = NO;
				GCC_WARN_ABOUT_RETURN_TYPE = YES;
				GCC_WARN_UNINITIALIZED_AUTOS = YES;
				GCC_WARN_UNUSED_VARIABLE = YES;
				IPHONEOS_DEPLOYMENT_TARGET = 6.1;
				ONLY_ACTIVE_ARCH = YES;
				SDKROOT = iphoneos;
			};
			name = Debug;
		};
		3C7AE60B1797E4E10073E93E /* Release */ = {
			isa = XCBuildConfiguration;
			buildSettings = {
				ALWAYS_SEARCH_USER_PATHS = NO;
				CLANG_CXX_LANGUAGE_STANDARD = "gnu++0x";
				CLANG_CXX_LIBRARY = "libc++";
				CLANG_WARN_CONSTANT_CONVERSION = YES;
				CLANG_WARN_EMPTY_BODY = YES;
				CLANG_WARN_ENUM_CONVERSION = YES;
				CLANG_WARN_INT_CONVERSION = YES;
				CLANG_WARN__DUPLICATE_METHOD_MATCH = YES;
				COPY_PHASE_STRIP = YES;
				GCC_C_LANGUAGE_STANDARD = gnu99;
				GCC_WARN_ABOUT_RETURN_TYPE = YES;
				GCC_WARN_UNINITIALIZED_AUTOS = YES;
				GCC_WARN_UNUSED_VARIABLE = YES;
				IPHONEOS_DEPLOYMENT_TARGET = 6.1;
				SDKROOT = iphoneos;
				VALIDATE_PRODUCT = YES;
			};
			name = Release;
		};
		3C7AE60D1797E4E10073E93E /* Debug */ = {
			isa = XCBuildConfiguration;
			buildSettings = {
				DSTROOT = /tmp/UMSocial.dst;
				FRAMEWORK_SEARCH_PATHS = (
					"$(inherited)",
					"\\\"$(SRCROOT)/UMSocial_Sdk_3.1/frameworks/TencentOpenAPI\\\"",
					"/Users/mani/pamakids/ane/ANE-UMengSocial/ios/UMSocial_Sdk_Extra_Frameworks/TencentOpenAPI",
				);
				GCC_PRECOMPILE_PREFIX_HEADER = YES;
				GCC_PREFIX_HEADER = "UMSocial/UMSocial-Prefix.pch";
				IPHONEOS_DEPLOYMENT_TARGET = 4.3;
				LIBRARY_SEARCH_PATHS = (
					"$(inherited)",
					"\\\"$(SRCROOT)/../UMSocial_Sdk_2.2.1/frameworks/Wechat\\\"",
					"\\\"$(SRCROOT)/../UMSocial_Sdk_2.2.1\\\"",
					"\\\"$(SRCROOT)/UMSocial_Sdk_2.2.1/frameworks/Wechat\\\"",
					"\\\"$(SRCROOT)/UMSocial_Sdk_2.2.1\\\"",
					"\\\"$(SRCROOT)/UMSocial_Sdk_3.1/frameworks/Wechat\\\"",
					"\\\"$(SRCROOT)/UMSocial_Sdk_3.1\\\"",
					/Users/mani/Downloads/umeng_ios_social_sdk_3.3.5_custom/UMSocial_Sdk_Demo/UMSocial_Sdk_3.3.5,
					"/Users/mani/pamakids/ane/ANE-UMengSocial/ios/UMSocial_Sdk_Extra_Frameworks/Facebook",
					"/Users/mani/pamakids/ane/ANE-UMengSocial/ios/UMSocial_Sdk_Extra_Frameworks/Instagram",
					"/Users/mani/pamakids/ane/ANE-UMengSocial/ios/UMSocial_Sdk_Extra_Frameworks/LaiWang",
					"/Users/mani/pamakids/ane/ANE-UMengSocial/ios/UMSocial_Sdk_Extra_Frameworks/Twitter",
					"/Users/mani/pamakids/ane/ANE-UMengSocial/ios/UMSocial_Sdk_Extra_Frameworks/UMSocial_ScreenShot_Sdk",
					"/Users/mani/pamakids/ane/ANE-UMengSocial/ios/UMSocial_Sdk_Extra_Frameworks/UMSocial_Shake_Sdk",
					"/Users/mani/pamakids/ane/ANE-UMengSocial/ios/UMSocial_Sdk_Extra_Frameworks/Wechat",
					"/Users/mani/pamakids/ane/ANE-UMengSocial/ios/UMSocial_Sdk_Extra_Frameworks/YiXin",
					"/Users/mani/pamakids/ane/ANE-UMengSocial/ios/UMSocial_Sdk_3.3.5",
				);
				New_Setting = "";
				OTHER_LDFLAGS = "-ObjC";
				PRODUCT_NAME = "$(TARGET_NAME)";
				SKIP_INSTALL = NO;
				TARGETED_DEVICE_FAMILY = "1,2";
			};
			name = Debug;
		};
		3C7AE60E1797E4E10073E93E /* Release */ = {
			isa = XCBuildConfiguration;
			buildSettings = {
				DSTROOT = /tmp/UMSocial.dst;
				FRAMEWORK_SEARCH_PATHS = (
					"$(inherited)",
					"\\\"$(SRCROOT)/UMSocial_Sdk_3.1/frameworks/TencentOpenAPI\\\"",
					"/Users/mani/pamakids/ane/ANE-UMengSocial/ios/UMSocial_Sdk_Extra_Frameworks/TencentOpenAPI",
				);
				GCC_PRECOMPILE_PREFIX_HEADER = YES;
				GCC_PREFIX_HEADER = "UMSocial/UMSocial-Prefix.pch";
				IPHONEOS_DEPLOYMENT_TARGET = 4.3;
				LIBRARY_SEARCH_PATHS = (
					"$(inherited)",
					"\\\"$(SRCROOT)/../UMSocial_Sdk_2.2.1/frameworks/Wechat\\\"",
					"\\\"$(SRCROOT)/../UMSocial_Sdk_2.2.1\\\"",
					"\\\"$(SRCROOT)/UMSocial_Sdk_2.2.1/frameworks/Wechat\\\"",
					"\\\"$(SRCROOT)/UMSocial_Sdk_2.2.1\\\"",
					"\\\"$(SRCROOT)/UMSocial_Sdk_3.1/frameworks/Wechat\\\"",
					"\\\"$(SRCROOT)/UMSocial_Sdk_3.1\\\"",
					/Users/mani/Downloads/umeng_ios_social_sdk_3.3.5_custom/UMSocial_Sdk_Demo/UMSocial_Sdk_3.3.5,
					"/Users/mani/pamakids/ane/ANE-UMengSocial/ios/UMSocial_Sdk_Extra_Frameworks/Facebook",
					"/Users/mani/pamakids/ane/ANE-UMengSocial/ios/UMSocial_Sdk_Extra_Frameworks/Instagram",
					"/Users/mani/pamakids/ane/ANE-UMengSocial/ios/UMSocial_Sdk_Extra_Frameworks/LaiWang",
					"/Users/mani/pamakids/ane/ANE-UMengSocial/ios/UMSocial_Sdk_Extra_Frameworks/Twitter",
					"/Users/mani/pamakids/ane/ANE-UMengSocial/ios/UMSocial_Sdk_Extra_Frameworks/UMSocial_ScreenShot_Sdk",
					"/Users/mani/pamakids/ane/ANE-UMengSocial/ios/UMSocial_Sdk_Extra_Frameworks/UMSocial_Shake_Sdk",
					"/Users/mani/pamakids/ane/ANE-UMengSocial/ios/UMSocial_Sdk_Extra_Frameworks/Wechat",
					"/Users/mani/pamakids/ane/ANE-UMengSocial/ios/UMSocial_Sdk_Extra_Frameworks/YiXin",
					"/Users/mani/pamakids/ane/ANE-UMengSocial/ios/UMSocial_Sdk_3.3.5",
				);
				New_Setting = "";
				OTHER_LDFLAGS = "-ObjC";
				PRODUCT_NAME = "$(TARGET_NAME)";
				SKIP_INSTALL = NO;
				TARGETED_DEVICE_FAMILY = "1,2";
			};
			name = Release;
		};
/* End XCBuildConfiguration section */

/* Begin XCConfigurationList section */
		3C7AE5F91797E4E10073E93E /* Build configuration list for PBXProject "UMSocial" */ = {
			isa = XCConfigurationList;
			buildConfigurations = (
				3C7AE60A1797E4E10073E93E /* Debug */,
				3C7AE60B1797E4E10073E93E /* Release */,
			);
			defaultConfigurationIsVisible = 0;
			defaultConfigurationName = Release;
		};
		3C7AE60C1797E4E10073E93E /* Build configuration list for PBXNativeTarget "UMSocial" */ = {
			isa = XCConfigurationList;
			buildConfigurations = (
				3C7AE60D1797E4E10073E93E /* Debug */,
				3C7AE60E1797E4E10073E93E /* Release */,
			);
			defaultConfigurationIsVisible = 0;
			defaultConfigurationName = Release;
		};
/* End XCConfigurationList section */
	};
	rootObject = 3C7AE5F61797E4E10073E93E /* Project object */;
}
